
Microsoft Visual Studio Solution File, Format Version 12.00
# Visual Studio 15
VisualStudioVersion = 15.0.27130.2036
MinimumVisualStudioVersion = 10.0.40219.1
Project("{FAE04EC0-301F-11D3-BF4B-00C04F79EFBC}") = "HelloWorldUltimatePremium", "HelloWorldUltimatePremium\HelloWorldUltimatePremium.csproj", "{3CC56EBB-BF6F-4177-8387-40B4DE4FC0E4}"
EndProject
Global
	GlobalSection(SolutionConfigurationPlatforms) = preSolution
		Debug|Any CPU = Debug|Any CPU
		Release|Any CPU = Release|Any CPU
	EndGlobalSection
	GlobalSection(ProjectConfigurationPlatforms) = postSolution
		{3CC56EBB-BF6F-4177-8387-40B4DE4FC0E4}.Debug|Any CPU.ActiveCfg = Debug|Any CPU
		{3CC56EBB-BF6F-4177-8387-40B4DE4FC0E4}.Debug|Any CPU.Build.0 = Debug|Any CPU
		{3CC56EBB-BF6F-4177-8387-40B4DE4FC0E4}.Release|Any CPU.ActiveCfg = Release|Any CPU
		{3CC56EBB-BF6F-4177-8387-40B4DE4FC0E4}.Release|Any CPU.Build.0 = Release|Any CPU
	EndGlobalSection
	GlobalSection(SolutionProperties) = preSolution
		HideSolutionNode = FALSE
	EndGlobalSection
	GlobalSection(ExtensibilityGlobals) = postSolution
		SolutionGuid = {BAECA4D4-67B8-4B79-9E48-C6B41538CB81}
	EndGlobalSection
EndGlobal
